// !$*UTF8*$!
{
	archiveVersion = 1;
	classes = {
	};
	objectVersion = 50;
	objects = {

/* Begin PBXBuildFile section */
		0432E5AD2361B7E600ED3E1C /* CalculatorLogic.swift in Sources */ = {isa = PBXBuildFile; fileRef = 0432E5AC2361B7E600ED3E1C /* CalculatorLogic.swift */; };
		044AFE9B235DD42A00ACD52D /* AppDelegate.swift in Sources */ = {isa = PBXBuildFile; fileRef = 044AFE9A235DD42A00ACD52D /* AppDelegate.swift */; };
		044AFE9D235DD42A00ACD52D /* SceneDelegate.swift in Sources */ = {isa = PBXBuildFile; fileRef = 044AFE9C235DD42A00ACD52D /* SceneDelegate.swift */; };
		044AFE9F235DD42A00ACD52D /* ViewController.swift in Sources */ = {isa = PBXBuildFile; fileRef = 044AFE9E235DD42A00ACD52D /* ViewController.swift */; };
		044AFEA2235DD42A00ACD52D /* Main.storyboard in Resources */ = {isa = PBXBuildFile; fileRef = 044AFEA0235DD42A00ACD52D /* Main.storyboard */; };
		044AFEA4235DD42E00ACD52D /* Assets.xcassets in Resources */ = {isa = PBXBuildFile; fileRef = 044AFEA3235DD42E00ACD52D /* Assets.xcassets */; };
		044AFEA7235DD42E00ACD52D /* LaunchScreen.storyboard in Resources */ = {isa = PBXBuildFile; fileRef = 044AFEA5235DD42E00ACD52D /* LaunchScreen.storyboard */; };
/* End PBXBuildFile section */

/* Begin PBXFileReference section */
		0432E5AC2361B7E600ED3E1C /* CalculatorLogic.swift */ = {isa = PBXFileReference; lastKnownFileType = sourcecode.swift; path = CalculatorLogic.swift; sourceTree = "<group>"; };
		044AFE97235DD42A00ACD52D /* BasicCalculator.app */ = {isa = PBXFileReference; explicitFileType = wrapper.application; includeInIndex = 0; path = BasicCalculator.app; sourceTree = BUILT_PRODUCTS_DIR; };
		044AFE9A235DD42A00ACD52D /* AppDelegate.swift */ = {isa = PBXFileReference; lastKnownFileType = sourcecode.swift; path = AppDelegate.swift; sourceTree = "<group>"; };
		044AFE9C235DD42A00ACD52D /* SceneDelegate.swift */ = {isa = PBXFileReference; lastKnownFileType = sourcecode.swift; path = SceneDelegate.swift; sourceTree = "<group>"; };
		044AFE9E235DD42A00ACD52D /* ViewController.swift */ = {isa = PBXFileReference; lastKnownFileType = sourcecode.swift; path = ViewController.swift; sourceTree = "<group>"; };
		044AFEA1235DD42A00ACD52D /* Base */ = {isa = PBXFileReference; lastKnownFileType = file.storyboard; name = Base; path = Base.lproj/Main.storyboard; sourceTree = "<group>"; };
		044AFEA3235DD42E00ACD52D /* Assets.xcassets */ = {isa = PBXFileReference; lastKnownFileType = folder.assetcatalog; path = Assets.xcassets; sourceTree = "<group>"; };
		044AFEA6235DD42E00ACD52D /* Base */ = {isa = PBXFileReference; lastKnownFileType = file.storyboard; name = Base; path = Base.lproj/LaunchScreen.storyboard; sourceTree = "<group>"; };
		044AFEA8235DD42E00ACD52D /* Info.plist */ = {isa = PBXFileReference; lastKnownFileType = text.plist.xml; path = Info.plist; sourceTree = "<group>"; };
/* End PBXFileReference section */

/* Begin PBXFrameworksBuildPhase section */
		044AFE94235DD42A00ACD52D /* Frameworks */ = {
			isa = PBXFrameworksBuildPhase;
			buildActionMask = 2147483647;
			files = (
			);
			runOnlyForDeploymentPostprocessing = 0;
		};
/* End PBXFrameworksBuildPhase section */

/* Begin PBXGroup section */
		0432E5AE2361B8AD00ED3E1C /* Models */ = {
			isa = PBXGroup;
			children = (
				0432E5AC2361B7E600ED3E1C /* CalculatorLogic.swift */,
			);
			path = Models;
			sourceTree = "<group>";
		};
		0432E5AF2361B8C200ED3E1C /* Controllers */ = {
			isa = PBXGroup;
			children = (
				044AFE9E235DD42A00ACD52D /* ViewController.swift */,
			);
			path = Controllers;
			sourceTree = "<group>";
		};
		0432E5B02361B91C00ED3E1C /* Views */ = {
			isa = PBXGroup;
			children = (
				044AFEA0235DD42A00ACD52D /* Main.storyboard */,
			);
			path = Views;
			sourceTree = "<group>";
		};
		044AFE8E235DD42A00ACD52D = {
			isa = PBXGroup;
			children = (
				044AFE99235DD42A00ACD52D /* BasicCalculator */,
				044AFE98235DD42A00ACD52D /* Products */,
			);
			sourceTree = "<group>";
		};
		044AFE98235DD42A00ACD52D /* Products */ = {
			isa = PBXGroup;
			children = (
				044AFE97235DD42A00ACD52D /* BasicCalculator.app */,
			);
			name = Products;
			sourceTree = "<group>";
		};
		044AFE99235DD42A00ACD52D /* BasicCalculator */ = {
			isa = PBXGroup;
			children = (
				044AFE9A235DD42A00ACD52D /* AppDelegate.swift */,
				044AFE9C235DD42A00ACD52D /* SceneDelegate.swift */,
				0432E5AF2361B8C200ED3E1C /* Controllers */,
				0432E5AE2361B8AD00ED3E1C /* Models */,
				0432E5B02361B91C00ED3E1C /* Views */,
				044AFEA3235DD42E00ACD52D /* Assets.xcassets */,
				044AFEA5235DD42E00ACD52D /* LaunchScreen.storyboard */,
				044AFEA8235DD42E00ACD52D /* Info.plist */,
			);
			path = BasicCalculator;
			sourceTree = "<group>";
		};
/* End PBXGroup section */

/* Begin PBXNativeTarget section */
		044AFE96235DD42A00ACD52D /* BasicCalculator */ = {
			isa = PBXNativeTarget;
			buildConfigurationList = 044AFEAB235DD42E00ACD52D /* Build configuration list for PBXNativeTarget "BasicCalculator" */;
			buildPhases = (
				044AFE93235DD42A00ACD52D /* Sources */,
				044AFE94235DD42A00ACD52D /* Frameworks */,
				044AFE95235DD42A00ACD52D /* Resources */,
			);
			buildRules = (
			);
			dependencies = (
			);
			name = BasicCalculator;
			productName = BasicCalculator;
			productReference = 044AFE97235DD42A00ACD52D /* BasicCalculator.app */;
			productType = "com.apple.product-type.application";
		};
/* End PBXNativeTarget section */

/* Begin PBXProject section */
		044AFE8F235DD42A00ACD52D /* Project object */ = {
			isa = PBXProject;
			attributes = {
				LastSwiftUpdateCheck = 1100;
				LastUpgradeCheck = 1100;
				ORGANIZATIONNAME = "Gbemileke AJIBOYE";
				TargetAttributes = {
					044AFE96235DD42A00ACD52D = {
						CreatedOnToolsVersion = 11.0;
					};
				};
			};
			buildConfigurationList = 044AFE92235DD42A00ACD52D /* Build configuration list for PBXProject "BasicCalculator" */;
			compatibilityVersion = "Xcode 9.3";
			developmentRegion = en;
			hasScannedForEncodings = 0;
			knownRegions = (
				en,
				Base,
			);
			mainGroup = 044AFE8E235DD42A00ACD52D;
			productRefGroup = 044AFE98235DD42A00ACD52D /* Products */;
			projectDirPath = "";
			projectRoot = "";
			targets = (
				044AFE96235DD42A00ACD52D /* BasicCalculator */,
			);
		};
/* End PBXProject section */

/* Begin PBXResourcesBuildPhase section */
		044AFE95235DD42A00ACD52D /* Resources */ = {
			isa = PBXResourcesBuildPhase;
			buildActionMask = 2147483647;
			files = (
				044AFEA7235DD42E00ACD52D /* LaunchScreen.storyboard in Resources */,
				044AFEA4235DD42E00ACD52D /* Assets.xcassets in Resources */,
				044AFEA2235DD42A00ACD52D /* Main.storyboard in Resources */,
			);
			runOnlyForDeploymentPostprocessing = 0;
		};
/* End PBXResourcesBuildPhase section */

/* Begin PBXSourcesBuildPhase section */
		044AFE93235DD42A00ACD52D /* Sources */ = {
			isa = PBXSourcesBuildPhase;
			buildActionMask = 2147483647;
			files = (
				0432E5AD2361B7E600ED3E1C /* CalculatorLogic.swift in Sources */,
				044AFE9F235DD42A00ACD52D /* ViewController.swift in Sources */,
				044AFE9B235DD42A00ACD52D /* AppDelegate.swift in Sources */,
				044AFE9D235DD42A00ACD52D /* SceneDelegate.swift in Sources */,
			);
			runOnlyForDeploymentPostprocessing = 0;
		};
/* End PBXSourcesBuildPhase section */

/* Begin PBXVariantGroup section */
		044AFEA0235DD42A00ACD52D /* Main.storyboard */ = {
			isa = PBXVariantGroup;
			children = (
				044AFEA1235DD42A00ACD52D /* Base */,
			);
			name = Main.storyboard;
			sourceTree = "<group>";
		};
		044AFEA5235DD42E00ACD52D /* LaunchScreen.storyboard */ = {
			isa = PBXVariantGroup;
			children = (
				044AFEA6235DD42E00ACD52D /* Base */,
			);
			name = LaunchScreen.storyboard;
			sourceTree = "<group>";
		};
/* End PBXVariantGroup section */

/* Begin XCBuildConfiguration section */
		044AFEA9235DD42E00ACD52D /* Debug */ = {
			isa = XCBuildConfiguration;
			buildSettings = {
				ALWAYS_SEARCH_USER_PATHS = NO;
				CLANG_ANALYZER_NONNULL = YES;
				CLANG_ANALYZER_NUMBER_OBJECT_CONVERSION = YES_AGGRESSIVE;
				CLANG_CXX_LANGUAGE_STANDARD = "gnu++14";
				CLANG_CXX_LIBRARY = "libc++";
				CLANG_ENABLE_MODULES = YES;
				CLANG_ENABLE_OBJC_ARC = YES;
				CLANG_ENABLE_OBJC_WEAK = YES;
				CLANG_WARN_BLOCK_CAPTURE_AUTORELEASING = YES;
				CLANG_WARN_BOOL_CONVERSION = YES;
				CLANG_WARN_COMMA = YES;
				CLANG_WARN_CONSTANT_CONVERSION = YES;
				CLANG_WARN_DEPRECATED_OBJC_IMPLEMENTATIONS = YES;
				CLANG_WARN_DIRECT_OBJC_ISA_USAGE = YES_ERROR;
				CLANG_WARN_DOCUMENTATION_COMMENTS = YES;
				CLANG_WARN_EMPTY_BODY = YES;
				CLANG_WARN_ENUM_CONVERSION = YES;
				CLANG_WARN_INFINITE_RECURSION = YES;
				CLANG_WARN_INT_CONVERSION = YES;
				CLANG_WARN_NON_LITERAL_NULL_CONVERSION = YES;
				CLANG_WARN_OBJC_IMPLICIT_RETAIN_SELF = YES;
				CLANG_WARN_OBJC_LITERAL_CONVERSION = YES;
				CLANG_WARN_OBJC_ROOT_CLASS = YES_ERROR;
				CLANG_WARN_RANGE_LOOP_ANALYSIS = YES;
				CLANG_WARN_STRICT_PROTOTYPES = YES;
				CLANG_WARN_SUSPICIOUS_MOVE = YES;
				CLANG_WARN_UNGUARDED_AVAILABILITY = YES_AGGRESSIVE;
				CLANG_WARN_UNREACHABLE_CODE = YES;
				CLANG_WARN__DUPLICATE_METHOD_MATCH = YES;
				COPY_PHASE_STRIP = NO;
				DEBUG_INFORMATION_FORMAT = dwarf;
				ENABLE_STRICT_OBJC_MSGSEND = YES;
				ENABLE_TESTABILITY = YES;
				GCC_C_LANGUAGE_STANDARD = gnu11;
				GCC_DYNAMIC_NO_PIC = NO;
				GCC_NO_COMMON_BLOCKS = YES;
				GCC_OPTIMIZATION_LEVEL = 0;
				GCC_PREPROCESSOR_DEFINITIONS = (
					"DEBUG=1",
					"$(inherited)",
				);
				GCC_WARN_64_TO_32_BIT_CONVERSION = YES;
				GCC_WARN_ABOUT_RETURN_TYPE = YES_ERROR;
				GCC_WARN_UNDECLARED_SELECTOR = YES;
				GCC_WARN_UNINITIALIZED_AUTOS = YES_AGGRESSIVE;
				GCC_WARN_UNUSED_FUNCTION = YES;
				GCC_WARN_UNUSED_VARIABLE = YES;
				IPHONEOS_DEPLOYMENT_TARGET = 13.0;
				MTL_ENABLE_DEBUG_INFO = INCLUDE_SOURCE;
				MTL_FAST_MATH = YES;
				ONLY_ACTIVE_ARCH = YES;
				SDKROOT = iphoneos;
				SWIFT_ACTIVE_COMPILATION_CONDITIONS = DEBUG;
				SWIFT_OPTIMIZATION_LEVEL = "-Onone";
			};
			name = Debug;
		};
		044AFEAA235DD42E00ACD52D /* Release */ = {
			isa = XCBuildConfiguration;
			buildSettings = {
				ALWAYS_SEARCH_USER_PATHS = NO;
				CLANG_ANALYZER_NONNULL = YES;
				CLANG_ANALYZER_NUMBER_OBJECT_CONVERSION = YES_AGGRESSIVE;
				CLANG_CXX_LANGUAGE_STANDARD = "gnu++14";
				CLANG_CXX_LIBRARY = "libc++";
				CLANG_ENABLE_MODULES = YES;
				CLANG_ENABLE_OBJC_ARC = YES;
				CLANG_ENABLE_OBJC_WEAK = YES;
				CLANG_WARN_BLOCK_CAPTURE_AUTORELEASING = YES;
				CLANG_WARN_BOOL_CONVERSION = YES;
				CLANG_WARN_COMMA = YES;
				CLANG_WARN_CONSTANT_CONVERSION = YES;
				CLANG_WARN_DEPRECATED_OBJC_IMPLEMENTATIONS = YES;
				CLANG_WARN_DIRECT_OBJC_ISA_USAGE = YES_ERROR;
				CLANG_WARN_DOCUMENTATION_COMMENTS = YES;
				CLANG_WARN_EMPTY_BODY = YES;
				CLANG_WARN_ENUM_CONVERSION = YES;
				CLANG_WARN_INFINITE_RECURSION = YES;
				CLANG_WARN_INT_CONVERSION = YES;
				CLANG_WARN_NON_LITERAL_NULL_CONVERSION = YES;
				CLANG_WARN_OBJC_IMPLICIT_RETAIN_SELF = YES;
				CLANG_WARN_OBJC_LITERAL_CONVERSION = YES;
				CLANG_WARN_OBJC_ROOT_CLASS = YES_ERROR;
				CLANG_WARN_RANGE_LOOP_ANALYSIS = YES;
				CLANG_WARN_STRICT_PROTOTYPES = YES;
				CLANG_WARN_SUSPICIOUS_MOVE = YES;
				CLANG_WARN_UNGUARDED_AVAILABILITY = YES_AGGRESSIVE;
				CLANG_WARN_UNREACHABLE_CODE = YES;
				CLANG_WARN__DUPLICATE_METHOD_MATCH = YES;
				COPY_PHASE_STRIP = NO;
				DEBUG_INFORMATION_FORMAT = "dwarf-with-dsym";
				ENABLE_NS_ASSERTIONS = NO;
				ENABLE_STRICT_OBJC_MSGSEND = YES;
				GCC_C_LANGUAGE_STANDARD = gnu11;
				GCC_NO_COMMON_BLOCKS = YES;
				GCC_WARN_64_TO_32_BIT_CONVERSION = YES;
				GCC_WARN_ABOUT_RETURN_TYPE = YES_ERROR;
				GCC_WARN_UNDECLARED_SELECTOR = YES;
				GCC_WARN_UNINITIALIZED_AUTOS = YES_AGGRESSIVE;
				GCC_WARN_UNUSED_FUNCTION = YES;
				GCC_WARN_UNUSED_VARIABLE = YES;
				IPHONEOS_DEPLOYMENT_TARGET = 13.0;
				MTL_ENABLE_DEBUG_INFO = NO;
				MTL_FAST_MATH = YES;
				SDKROOT = iphoneos;
				SWIFT_COMPILATION_MODE = wholemodule;
				SWIFT_OPTIMIZATION_LEVEL = "-O";
				VALIDATE_PRODUCT = YES;
			};
			name = Release;
		};
		044AFEAC235DD42E00ACD52D /* Debug */ = {
			isa = XCBuildConfiguration;
			buildSettings = {
				ASSETCATALOG_COMPILER_APPICON_NAME = AppIcon;
				CODE_SIGN_STYLE = Automatic;
				INFOPLIST_FILE = BasicCalculator/Info.plist;
				LD_RUNPATH_SEARCH_PATHS = (
					"$(inherited)",
					"@executable_path/Frameworks",
				);
				PRODUCT_BUNDLE_IDENTIFIER = com.icelake0.BasicCalculator;
				PRODUCT_NAME = "$(TARGET_NAME)";
				SWIFT_VERSION = 5.0;
				TARGETED_DEVICE_FAMILY = "1,2";
			};
			name = Debug;
		};
		044AFEAD235DD42E00ACD52D /* Release */ = {
			isa = XCBuildConfiguration;
			buildSettings = {
				ASSETCATALOG_COMPILER_APPICON_NAME = AppIcon;
				CODE_SIGN_STYLE = Automatic;
				INFOPLIST_FILE = BasicCalculator/Info.plist;
				LD_RUNPATH_SEARCH_PATHS = (
					"$(inherited)",
					"@executable_path/Frameworks",
				);
				PRODUCT_BUNDLE_IDENTIFIER = com.icelake0.BasicCalculator;
				PRODUCT_NAME = "$(TARGET_NAME)";
				SWIFT_VERSION = 5.0;
				TARGETED_DEVICE_FAMILY = "1,2";
			};
			name = Release;
		};
/* End XCBuildConfiguration section */

/* Begin XCConfigurationList section */
		044AFE92235DD42A00ACD52D /* Build configuration list for PBXProject "BasicCalculator" */ = {
			isa = XCConfigurationList;
			buildConfigurations = (
				044AFEA9235DD42E00ACD52D /* Debug */,
				044AFEAA235DD42E00ACD52D /* Release */,
			);
			defaultConfigurationIsVisible = 0;
			defaultConfigurationName = Release;
		};
		044AFEAB235DD42E00ACD52D /* Build configuration list for PBXNativeTarget "BasicCalculator" */ = {
			isa = XCConfigurationList;
			buildConfigurations = (
				044AFEAC235DD42E00ACD52D /* Debug */,
				044AFEAD235DD42E00ACD52D /* Release */,
			);
			defaultConfigurationIsVisible = 0;
			defaultConfigurationName = Release;
		};
/* End XCConfigurationList section */
	};
	rootObject = 044AFE8F235DD42A00ACD52D /* Project object */;
}
